
Microsoft Visual Studio Solution File, Format Version 12.00
# Visual Studio 14
VisualStudioVersion = 14.0.25420.1
MinimumVisualStudioVersion = 10.0.40219.1
Project("{8BC9CEB8-8B4A-11D0-8D11-00A0C91BC942}") = "UniDec", "UniDec.vcxproj", "{8B5805FC-0D39-4326-A95E-A82CD5D2BADF}"
EndProject
Global
	GlobalSection(SolutionConfigurationPlatforms) = preSolution
		Debug|Win32 = Debug|Win32
		Debug|x64 = Debug|x64
		Release|Win32 = Release|Win32
		Release|x64 = Release|x64
		ReleasePGI|Win32 = ReleasePGI|Win32
		ReleasePGI|x64 = ReleasePGI|x64
		ReleaseStatic|Win32 = ReleaseStatic|Win32
		ReleaseStatic|x64 = ReleaseStatic|x64
	EndGlobalSection
	GlobalSection(ProjectConfigurationPlatforms) = postSolution
		{8B5805FC-0D39-4326-A95E-A82CD5D2BADF}.Debug|Win32.ActiveCfg = Debug|Win32
		{8B5805FC-0D39-4326-A95E-A82CD5D2BADF}.Debug|Win32.Build.0 = Debug|Win32
		{8B5805FC-0D39-4326-A95E-A82CD5D2BADF}.Debug|x64.ActiveCfg = Debug|x64
		{8B5805FC-0D39-4326-A95E-A82CD5D2BADF}.Debug|x64.Build.0 = Debug|x64
		{8B5805FC-0D39-4326-A95E-A82CD5D2BADF}.Release|Win32.ActiveCfg = Release|Win32
		{8B5805FC-0D39-4326-A95E-A82CD5D2BADF}.Release|Win32.Build.0 = Release|Win32
		{8B5805FC-0D39-4326-A95E-A82CD5D2BADF}.Release|x64.ActiveCfg = Release|x64
		{8B5805FC-0D39-4326-A95E-A82CD5D2BADF}.Release|x64.Build.0 = Release|x64
		{8B5805FC-0D39-4326-A95E-A82CD5D2BADF}.ReleasePGI|Win32.ActiveCfg = ReleasePGI|Win32
		{8B5805FC-0D39-4326-A95E-A82CD5D2BADF}.ReleasePGI|Win32.Build.0 = ReleasePGI|Win32
		{8B5805FC-0D39-4326-A95E-A82CD5D2BADF}.ReleasePGI|x64.ActiveCfg = ReleasePGI|x64
		{8B5805FC-0D39-4326-A95E-A82CD5D2BADF}.ReleasePGI|x64.Build.0 = ReleasePGI|x64
		{8B5805FC-0D39-4326-A95E-A82CD5D2BADF}.ReleaseStatic|Win32.ActiveCfg = ReleaseStatic|Win32
		{8B5805FC-0D39-4326-A95E-A82CD5D2BADF}.ReleaseStatic|Win32.Build.0 = ReleaseStatic|Win32
		{8B5805FC-0D39-4326-A95E-A82CD5D2BADF}.ReleaseStatic|x64.ActiveCfg = ReleaseStatic|x64
		{8B5805FC-0D39-4326-A95E-A82CD5D2BADF}.ReleaseStatic|x64.Build.0 = ReleaseStatic|x64
	EndGlobalSection
	GlobalSection(SolutionProperties) = preSolution
		HideSolutionNode = FALSE
	EndGlobalSection
EndGlobal
